
Microsoft Visual Studio Solution File, Format Version 12.00
# Visual Studio Version 17
VisualStudioVersion = 17.7.34031.279
MinimumVisualStudioVersion = 10.0.40219.1
Project("{FAE04EC0-301F-11D3-BF4B-00C04F79EFBC}") = "Treangle", "Treangle\Treangle.csproj", "{FC187380-1C98-44D2-9895-82874D52398C}"
EndProject
Project("{FAE04EC0-301F-11D3-BF4B-00C04F79EFBC}") = "TriangleTests", "TriangleTests\TriangleTests.csproj", "{BDDBFEE4-6186-4E30-AE88-D7130E43E647}"
EndProject
Global
	GlobalSection(SolutionConfigurationPlatforms) = preSolution
		Debug|Any CPU = Debug|Any CPU
		Release|Any CPU = Release|Any CPU
	EndGlobalSection
	GlobalSection(ProjectConfigurationPlatforms) = postSolution
		{FC187380-1C98-44D2-9895-82874D52398C}.Debug|Any CPU.ActiveCfg = Debug|Any CPU
		{FC187380-1C98-44D2-9895-82874D52398C}.Debug|Any CPU.Build.0 = Debug|Any CPU
		{FC187380-1C98-44D2-9895-82874D52398C}.Release|Any CPU.ActiveCfg = Release|Any CPU
		{FC187380-1C98-44D2-9895-82874D52398C}.Release|Any CPU.Build.0 = Release|Any CPU
		{BDDBFEE4-6186-4E30-AE88-D7130E43E647}.Debug|Any CPU.ActiveCfg = Debug|Any CPU
		{BDDBFEE4-6186-4E30-AE88-D7130E43E647}.Debug|Any CPU.Build.0 = Debug|Any CPU
		{BDDBFEE4-6186-4E30-AE88-D7130E43E647}.Release|Any CPU.ActiveCfg = Release|Any CPU
		{BDDBFEE4-6186-4E30-AE88-D7130E43E647}.Release|Any CPU.Build.0 = Release|Any CPU
	EndGlobalSection
	GlobalSection(SolutionProperties) = preSolution
		HideSolutionNode = FALSE
	EndGlobalSection
	GlobalSection(ExtensibilityGlobals) = postSolution
		SolutionGuid = {F3066D6B-5FF2-4B2E-8D49-4A881B96278C}
	EndGlobalSection
EndGlobal
